{
  "name": "denon_menu",
  "version": "1.2.0",
  "lockfileVersion": 1,
  "requires": true,
  "dependencies": {
    "async": {
      "version": "https://registry.npmjs.org/async/-/async-1.0.0.tgz",
      "integrity": "sha1-+PwEyjoTeErenhZBr5hXjPvWR6k="
    },
    "bluebird": {
      "version": "https://registry.npmjs.org/bluebird/-/bluebird-3.4.7.tgz",
      "integrity": "sha1-9y12C+Cbf3bQjtj66Ysomo0F+rM="
    },
    "colors": {
      "version": "https://registry.npmjs.org/colors/-/colors-1.0.3.tgz",
      "integrity": "sha1-BDP0TYCWgP3rYO0mDxsMJi6CpAs="
    },
    "cycle": {
      "version": "https://registry.npmjs.org/cycle/-/cycle-1.0.3.tgz",
      "integrity": "sha1-IegLK+hYD5i0aPN5QwZisEbDStI="
    },
    "denon_remote": {
      "version": "git://github.com/figedi/denon_remote.git#df6613e47f13f8d51c5b5605ad88a52725bc04c6",
      "requires": {
        "eventemitter2": "https://registry.npmjs.org/eventemitter2/-/eventemitter2-2.2.1.tgz",
        "lodash": "https://registry.npmjs.org/lodash/-/lodash-4.17.4.tgz",
        "minimist": "https://registry.npmjs.org/minimist/-/minimist-1.2.0.tgz",
        "telnet-client": "https://registry.npmjs.org/telnet-client/-/telnet-client-0.12.3.tgz",
        "winston": "https://registry.npmjs.org/winston/-/winston-2.3.0.tgz"
      }
    },
    "eventemitter2": {
      "version": "https://registry.npmjs.org/eventemitter2/-/eventemitter2-2.2.1.tgz",
      "integrity": "sha1-u08J/5va5ZIKj0K+8NKW+BuA0DQ="
    },
    "eyes": {
      "version": "https://registry.npmjs.org/eyes/-/eyes-0.1.8.tgz",
      "integrity": "sha1-Ys8SAjTGg3hdkCNIqADvPgzCC8A="
    },
    "isstream": {
      "version": "https://registry.npmjs.org/isstream/-/isstream-0.1.2.tgz",
      "integrity": "sha1-R+Y/evVa+m+S4VAOaQ64uFKcCZo="
    },
    "lodash": {
      "version": "https://registry.npmjs.org/lodash/-/lodash-4.17.4.tgz",
      "integrity": "sha1-eCA6TRwyiuHYbcpkYONptX9AVa4="
    },
    "minimist": {
      "version": "https://registry.npmjs.org/minimist/-/minimist-1.2.0.tgz",
      "integrity": "sha1-o1AIsg9BOD7sH7kU9M1d95omQoQ="
    },
    "stack-trace": {
      "version": "https://registry.npmjs.org/stack-trace/-/stack-trace-0.0.9.tgz",
      "integrity": "sha1-qPbq7KkGdMMz58Q5U/J1tFFRBpU="
    },
    "telnet-client": {
      "version": "https://registry.npmjs.org/telnet-client/-/telnet-client-0.12.3.tgz",
      "integrity": "sha1-GYeKcFUvGIBkP3ZtztRxXfEtneE=",
      "requires": {
        "bluebird": "https://registry.npmjs.org/bluebird/-/bluebird-3.4.7.tgz"
      }
    },
    "winston": {
      "version": "https://registry.npmjs.org/winston/-/winston-2.3.0.tgz",
      "integrity": "sha1-IH+qq2/M8/5JN0PdKwPbr8fOt4w=",
      "requires": {
        "async": "https://registry.npmjs.org/async/-/async-1.0.0.tgz",
        "colors": "https://registry.npmjs.org/colors/-/colors-1.0.3.tgz",
        "cycle": "https://registry.npmjs.org/cycle/-/cycle-1.0.3.tgz",
        "eyes": "https://registry.npmjs.org/eyes/-/eyes-0.1.8.tgz",
        "isstream": "https://registry.npmjs.org/isstream/-/isstream-0.1.2.tgz",
        "stack-trace": "https://registry.npmjs.org/stack-trace/-/stack-trace-0.0.9.tgz"
      }
    }
  }
}
